
Microsoft Visual Studio Solution File, Format Version 12.00
# Visual Studio Version 16
VisualStudioVersion = 25.0.1706.0
MinimumVisualStudioVersion = 10.0.40219.1
Project("{FAE04EC0-301F-11D3-BF4B-00C04F79EFBC}") = "03.09.2026zad1", "03.09.2026zad1\03.09.2026zad1.csproj", "{FC41B357-F2E5-4505-92C7-FCEF53D8F1E2}"
EndProject
Global
	GlobalSection(SolutionConfigurationPlatforms) = preSolution
		Debug|Any CPU = Debug|Any CPU
		Release|Any CPU = Release|Any CPU
	EndGlobalSection
	GlobalSection(ProjectConfigurationPlatforms) = postSolution
		{FC41B357-F2E5-4505-92C7-FCEF53D8F1E2}.Debug|Any CPU.ActiveCfg = Debug|Any CPU
		{FC41B357-F2E5-4505-92C7-FCEF53D8F1E2}.Debug|Any CPU.Build.0 = Debug|Any CPU
		{FC41B357-F2E5-4505-92C7-FCEF53D8F1E2}.Release|Any CPU.ActiveCfg = Release|Any CPU
		{FC41B357-F2E5-4505-92C7-FCEF53D8F1E2}.Release|Any CPU.Build.0 = Release|Any CPU
	EndGlobalSection
	GlobalSection(SolutionProperties) = preSolution
		HideSolutionNode = FALSE
	EndGlobalSection
	GlobalSection(ExtensibilityGlobals) = postSolution
		SolutionGuid = {92499B16-9C99-42E1-9A36-A44AD801C869}
	EndGlobalSection
EndGlobal
