// !$*UTF8*$!
{
	archiveVersion = 1;
	classes = {
	};
	objectVersion = 77;
	objects = {

/* Begin PBXBuildFile section */
		D04584AF30655AAA00BDC1B9 /* FirebaseAuth in Frameworks */ = {isa = PBXBuildFile; productRef = D04584AE30655AAA00BDC1B9 /* FirebaseAuth */; };
		D04584B130655AAA00BDC1B9 /* FirebaseFirestore in Frameworks */ = {isa = PBXBuildFile; productRef = D04584B030655AAA00BDC1B9 /* FirebaseFirestore */; };
		D04584B33065743600BDC1B9 /* LoginView.swift in Sources */ = {isa = PBXBuildFile; fileRef = D04584B23065742B00BDC1B9 /* LoginView.swift */; };
/* End PBXBuildFile section */

/* Begin PBXContainerItemProxy section */
		D024D60B305C1AC200214290 /* PBXContainerItemProxy */ = {
			isa = PBXContainerItemProxy;
			containerPortal = D024D5F5305C1AC000214290 /* Project object */;
			proxyType = 1;
			remoteGlobalIDString = D024D5FC305C1AC000214290;
			remoteInfo = "lista zadan to do";
		};
		D024D615305C1AC200214290 /* PBXContainerItemProxy */ = {
			isa = PBXContainerItemProxy;
			containerPortal = D024D5F5305C1AC000214290 /* Project object */;
			proxyType = 1;
			remoteGlobalIDString = D024D5FC305C1AC000214290;
			remoteInfo = "lista zadan to do";
		};
/* End PBXContainerItemProxy section */

/* Begin PBXFileReference section */
		D024D5FD305C1AC000214290 /* lista zadan to do.app */ = {isa = PBXFileReference; explicitFileType = wrapper.application; includeInIndex = 0; path = "lista zadan to do.app"; sourceTree = BUILT_PRODUCTS_DIR; };
		D024D60A305C1AC200214290 /* lista zadan to doTests.xctest */ = {isa = PBXFileReference; explicitFileType = wrapper.cfbundle; includeInIndex = 0; path = "lista zadan to doTests.xctest"; sourceTree = BUILT_PRODUCTS_DIR; };
		D024D614305C1AC200214290 /* lista zadan to doUITests.xctest */ = {isa = PBXFileReference; explicitFileType = wrapper.cfbundle; includeInIndex = 0; path = "lista zadan to doUITests.xctest"; sourceTree = BUILT_PRODUCTS_DIR; };
		D04584B23065742B00BDC1B9 /* LoginView.swift */ = {isa = PBXFileReference; lastKnownFileType = sourcecode.swift; path = LoginView.swift; sourceTree = "<group>"; };
/* End PBXFileReference section */

/* Begin PBXFileSystemSynchronizedRootGroup section */
		D024D5FF305C1AC000214290 /* lista zadan to do */ = {
			isa = PBXFileSystemSynchronizedRootGroup;
			path = "lista zadan to do";
			sourceTree = "<group>";
		};
		D024D60D305C1AC200214290 /* lista zadan to doTests */ = {
			isa = PBXFileSystemSynchronizedRootGroup;
			path = "lista zadan to doTests";
			sourceTree = "<group>";
		};
		D024D617305C1AC200214290 /* lista zadan to doUITests */ = {
			isa = PBXFileSystemSynchronizedRootGroup;
			path = "lista zadan to doUITests";
			sourceTree = "<group>";
		};
/* End PBXFileSystemSynchronizedRootGroup section */

/* Begin PBXFrameworksBuildPhase section */
		D024D5FA305C1AC000214290 /* Frameworks */ = {
			isa = PBXFrameworksBuildPhase;
			buildActionMask = 2147483647;
			files = (
				D04584AF30655AAA00BDC1B9 /* FirebaseAuth in Frameworks */,
				D04584B130655AAA00BDC1B9 /* FirebaseFirestore in Frameworks */,
			);
			runOnlyForDeploymentPostprocessing = 0;
		};
		D024D607305C1AC200214290 /* Frameworks */ = {
			isa = PBXFrameworksBuildPhase;
			buildActionMask = 2147483647;
			files = (
			);
			runOnlyForDeploymentPostprocessing = 0;
		};
		D024D611305C1AC200214290 /* Frameworks */ = {
			isa = PBXFrameworksBuildPhase;
			buildActionMask = 2147483647;
			files = (
			);
			runOnlyForDeploymentPostprocessing = 0;
		};
/* End PBXFrameworksBuildPhase section */

/* Begin PBXGroup section */
		D024D5F4305C1AC000214290 = {
			isa = PBXGroup;
			children = (
				D04584B23065742B00BDC1B9 /* LoginView.swift */,
				D024D5FF305C1AC000214290 /* lista zadan to do */,
				D024D60D305C1AC200214290 /* lista zadan to doTests */,
				D024D617305C1AC200214290 /* lista zadan to doUITests */,
				D024D5FE305C1AC000214290 /* Products */,
			);
			sourceTree = "<group>";
		};
		D024D5FE305C1AC000214290 /* Products */ = {
			isa = PBXGroup;
			children = (
				D024D5FD305C1AC000214290 /* lista zadan to do.app */,
				D024D60A305C1AC200214290 /* lista zadan to doTests.xctest */,
				D024D614305C1AC200214290 /* lista zadan to doUITests.xctest */,
			);
			name = Products;
			sourceTree = "<group>";
		};
/* End PBXGroup section */

/* Begin PBXNativeTarget section */
		D024D5FC305C1AC000214290 /* lista zadan to do */ = {
			isa = PBXNativeTarget;
			buildConfigurationList = D024D61E305C1AC200214290 /* Build configuration list for PBXNativeTarget "lista zadan to do" */;
			buildPhases = (
				D024D5F9305C1AC000214290 /* Sources */,
				D024D5FA305C1AC000214290 /* Frameworks */,
				D024D5FB305C1AC000214290 /* Resources */,
			);
			buildRules = (
			);
			dependencies = (
			);
			fileSystemSynchronizedGroups = (
				D024D5FF305C1AC000214290 /* lista zadan to do */,
			);
			name = "lista zadan to do";
			packageProductDependencies = (
				D04584AE30655AAA00BDC1B9 /* FirebaseAuth */,
				D04584B030655AAA00BDC1B9 /* FirebaseFirestore */,
			);
			productName = "lista zadan to do";
			productReference = D024D5FD305C1AC000214290 /* lista zadan to do.app */;
			productType = "com.apple.product-type.application";
		};
		D024D609305C1AC200214290 /* lista zadan to doTests */ = {
			isa = PBXNativeTarget;
			buildConfigurationList = D024D621305C1AC200214290 /* Build configuration list for PBXNativeTarget "lista zadan to doTests" */;
			buildPhases = (
				D024D606305C1AC200214290 /* Sources */,
				D024D607305C1AC200214290 /* Frameworks */,
				D024D608305C1AC200214290 /* Resources */,
			);
			buildRules = (
			);
			dependencies = (
				D024D60C305C1AC200214290 /* PBXTargetDependency */,
			);
			fileSystemSynchronizedGroups = (
				D024D60D305C1AC200214290 /* lista zadan to doTests */,
			);
			name = "lista zadan to doTests";
			packageProductDependencies = (
			);
			productName = "lista zadan to doTests";
			productReference = D024D60A305C1AC200214290 /* lista zadan to doTests.xctest */;
			productType = "com.apple.product-type.bundle.unit-test";
		};
		D024D613305C1AC200214290 /* lista zadan to doUITests */ = {
			isa = PBXNativeTarget;
			buildConfigurationList = D024D624305C1AC200214290 /* Build configuration list for PBXNativeTarget "lista zadan to doUITests" */;
			buildPhases = (
				D024D610305C1AC200214290 /* Sources */,
				D024D611305C1AC200214290 /* Frameworks */,
				D024D612305C1AC200214290 /* Resources */,
			);
			buildRules = (
			);
			dependencies = (
				D024D616305C1AC200214290 /* PBXTargetDependency */,
			);
			fileSystemSynchronizedGroups = (
				D024D617305C1AC200214290 /* lista zadan to doUITests */,
			);
			name = "lista zadan to doUITests";
			packageProductDependencies = (
			);
			productName = "lista zadan to doUITests";
			productReference = D024D614305C1AC200214290 /* lista zadan to doUITests.xctest */;
			productType = "com.apple.product-type.bundle.ui-testing";
		};
/* End PBXNativeTarget section */

/* Begin PBXProject section */
		D024D5F5305C1AC000214290 /* Project object */ = {
			isa = PBXProject;
			attributes = {
				BuildIndependentTargetsInParallel = 1;
				LastSwiftUpdateCheck = 2640;
				LastUpgradeCheck = 2640;
				TargetAttributes = {
					D024D5FC305C1AC000214290 = {
						CreatedOnToolsVersion = 26.4.1;
					};
					D024D609305C1AC200214290 = {
						CreatedOnToolsVersion = 26.4.1;
						TestTargetID = D024D5FC305C1AC000214290;
					};
					D024D613305C1AC200214290 = {
						CreatedOnToolsVersion = 26.4.1;
						TestTargetID = D024D5FC305C1AC000214290;
					};
				};
			};
			buildConfigurationList = D024D5F8305C1AC000214290 /* Build configuration list for PBXProject "lista zadan to do" */;
			developmentRegion = en;
			hasScannedForEncodings = 0;
			knownRegions = (
				en,
				Base,
			);
			mainGroup = D024D5F4305C1AC000214290;
			minimizedProjectReferenceProxies = 1;
			packageReferences = (
				D04584AD30655AAA00BDC1B9 /* XCRemoteSwiftPackageReference "firebase-ios-sdk" */,
			);
			preferredProjectObjectVersion = 77;
			productRefGroup = D024D5FE305C1AC000214290 /* Products */;
			projectDirPath = "";
			projectRoot = "";
			targets = (
				D024D5FC305C1AC000214290 /* lista zadan to do */,
				D024D609305C1AC200214290 /* lista zadan to doTests */,
				D024D613305C1AC200214290 /* lista zadan to doUITests */,
			);
		};
/* End PBXProject section */

/* Begin PBXResourcesBuildPhase section */
		D024D5FB305C1AC000214290 /* Resources */ = {
			isa = PBXResourcesBuildPhase;
			buildActionMask = 2147483647;
			files = (
			);
			runOnlyForDeploymentPostprocessing = 0;
		};
		D024D608305C1AC200214290 /* Resources */ = {
			isa = PBXResourcesBuildPhase;
			buildActionMask = 2147483647;
			files = (
			);
			runOnlyForDeploymentPostprocessing = 0;
		};
		D024D612305C1AC200214290 /* Resources */ = {
			isa = PBXResourcesBuildPhase;
			buildActionMask = 2147483647;
			files = (
			);
			runOnlyForDeploymentPostprocessing = 0;
		};
/* End PBXResourcesBuildPhase section */

/* Begin PBXSourcesBuildPhase section */
		D024D5F9305C1AC000214290 /* Sources */ = {
			isa = PBXSourcesBuildPhase;
			buildActionMask = 2147483647;
			files = (
				D04584B33065743600BDC1B9 /* LoginView.swift in Sources */,
			);
			runOnlyForDeploymentPostprocessing = 0;
		};
		D024D606305C1AC200214290 /* Sources */ = {
			isa = PBXSourcesBuildPhase;
			buildActionMask = 2147483647;
			files = (
			);
			runOnlyForDeploymentPostprocessing = 0;
		};
		D024D610305C1AC200214290 /* Sources */ = {
			isa = PBXSourcesBuildPhase;
			buildActionMask = 2147483647;
			files = (
			);
			runOnlyForDeploymentPostprocessing = 0;
		};
/* End PBXSourcesBuildPhase section */

/* Begin PBXTargetDependency section */
		D024D60C305C1AC200214290 /* PBXTargetDependency */ = {
			isa = PBXTargetDependency;
			target = D024D5FC305C1AC000214290 /* lista zadan to do */;
			targetProxy = D024D60B305C1AC200214290 /* PBXContainerItemProxy */;
		};
		D024D616305C1AC200214290 /* PBXTargetDependency */ = {
			isa = PBXTargetDependency;
			target = D024D5FC305C1AC000214290 /* lista zadan to do */;
			targetProxy = D024D615305C1AC200214290 /* PBXContainerItemProxy */;
		};
/* End PBXTargetDependency section */

/* Begin XCBuildConfiguration section */
		D024D61C305C1AC200214290 /* Debug */ = {
			isa = XCBuildConfiguration;
			buildSettings = {
				ALWAYS_SEARCH_USER_PATHS = NO;
				ASSETCATALOG_COMPILER_GENERATE_SWIFT_ASSET_SYMBOL_EXTENSIONS = YES;
				CLANG_ANALYZER_NONNULL = YES;
				CLANG_ANALYZER_NUMBER_OBJECT_CONVERSION = YES_AGGRESSIVE;
				CLANG_CXX_LANGUAGE_STANDARD = "gnu++20";
				CLANG_ENABLE_MODULES = YES;
				CLANG_ENABLE_OBJC_ARC = YES;
				CLANG_ENABLE_OBJC_WEAK = YES;
				CLANG_WARN_BLOCK_CAPTURE_AUTORELEASING = YES;
				CLANG_WARN_BOOL_CONVERSION = YES;
				CLANG_WARN_COMMA = YES;
				CLANG_WARN_CONSTANT_CONVERSION = YES;
				CLANG_WARN_DEPRECATED_OBJC_IMPLEMENTATIONS = YES;
				CLANG_WARN_DIRECT_OBJC_ISA_USAGE = YES_ERROR;
				CLANG_WARN_DOCUMENTATION_COMMENTS = YES;
				CLANG_WARN_EMPTY_BODY = YES;
				CLANG_WARN_ENUM_CONVERSION = YES;
				CLANG_WARN_INFINITE_RECURSION = YES;
				CLANG_WARN_INT_CONVERSION = YES;
				CLANG_WARN_NON_LITERAL_NULL_CONVERSION = YES;
				CLANG_WARN_OBJC_IMPLICIT_RETAIN_SELF = YES;
				CLANG_WARN_OBJC_LITERAL_CONVERSION = YES;
				CLANG_WARN_OBJC_ROOT_CLASS = YES_ERROR;
				CLANG_WARN_QUOTED_INCLUDE_IN_FRAMEWORK_HEADER = YES;
				CLANG_WARN_RANGE_LOOP_ANALYSIS = YES;
				CLANG_WARN_STRICT_PROTOTYPES = YES;
				CLANG_WARN_SUSPICIOUS_MOVE = YES;
				CLANG_WARN_UNGUARDED_AVAILABILITY = YES_AGGRESSIVE;
				CLANG_WARN_UNREACHABLE_CODE = YES;
				CLANG_WARN__DUPLICATE_METHOD_MATCH = YES;
				COPY_PHASE_STRIP = NO;
				DEBUG_INFORMATION_FORMAT = dwarf;
				DEVELOPMENT_TEAM = 5ST56DL6N3;
				ENABLE_STRICT_OBJC_MSGSEND = YES;
				ENABLE_TESTABILITY = YES;
				ENABLE_USER_SCRIPT_SANDBOXING = YES;
				GCC_C_LANGUAGE_STANDARD = gnu17;
				GCC_DYNAMIC_NO_PIC = NO;
				GCC_NO_COMMON_BLOCKS = YES;
				GCC_OPTIMIZATION_LEVEL = 0;
				GCC_PREPROCESSOR_DEFINITIONS = (
					"DEBUG=1",
					"$(inherited)",
				);
				GCC_WARN_64_TO_32_BIT_CONVERSION = YES;
				GCC_WARN_ABOUT_RETURN_TYPE = YES_ERROR;
				GCC_WARN_UNDECLARED_SELECTOR = YES;
				GCC_WARN_UNINITIALIZED_AUTOS = YES_AGGRESSIVE;
				GCC_WARN_UNUSED_FUNCTION = YES;
				GCC_WARN_UNUSED_VARIABLE = YES;
				IPHONEOS_DEPLOYMENT_TARGET = 26.4;
				LOCALIZATION_PREFERS_STRING_CATALOGS = YES;
				MTL_ENABLE_DEBUG_INFO = INCLUDE_SOURCE;
				MTL_FAST_MATH = YES;
				ONLY_ACTIVE_ARCH = YES;
				SDKROOT = iphoneos;
				SWIFT_ACTIVE_COMPILATION_CONDITIONS = "DEBUG $(inherited)";
				SWIFT_OPTIMIZATION_LEVEL = "-Onone";
			};
			name = Debug;
		};
		D024D61D305C1AC200214290 /* Release */ = {
			isa = XCBuildConfiguration;
			buildSettings = {
				ALWAYS_SEARCH_USER_PATHS = NO;
				ASSETCATALOG_COMPILER_GENERATE_SWIFT_ASSET_SYMBOL_EXTENSIONS = YES;
				CLANG_ANALYZER_NONNULL = YES;
				CLANG_ANALYZER_NUMBER_OBJECT_CONVERSION = YES_AGGRESSIVE;
				CLANG_CXX_LANGUAGE_STANDARD = "gnu++20";
				CLANG_ENABLE_MODULES = YES;
				CLANG_ENABLE_OBJC_ARC = YES;
				CLANG_ENABLE_OBJC_WEAK = YES;
				CLANG_WARN_BLOCK_CAPTURE_AUTORELEASING = YES;
				CLANG_WARN_BOOL_CONVERSION = YES;
				CLANG_WARN_COMMA = YES;
				CLANG_WARN_CONSTANT_CONVERSION = YES;
				CLANG_WARN_DEPRECATED_OBJC_IMPLEMENTATIONS = YES;
				CLANG_WARN_DIRECT_OBJC_ISA_USAGE = YES_ERROR;
				CLANG_WARN_DOCUMENTATION_COMMENTS = YES;
				CLANG_WARN_EMPTY_BODY = YES;
				CLANG_WARN_ENUM_CONVERSION = YES;
				CLANG_WARN_INFINITE_RECURSION = YES;
				CLANG_WARN_INT_CONVERSION = YES;
				CLANG_WARN_NON_LITERAL_NULL_CONVERSION = YES;
				CLANG_WARN_OBJC_IMPLICIT_RETAIN_SELF = YES;
				CLANG_WARN_OBJC_LITERAL_CONVERSION = YES;
				CLANG_WARN_OBJC_ROOT_CLASS = YES_ERROR;
				CLANG_WARN_QUOTED_INCLUDE_IN_FRAMEWORK_HEADER = YES;
				CLANG_WARN_RANGE_LOOP_ANALYSIS = YES;
				CLANG_WARN_STRICT_PROTOTYPES = YES;
				CLANG_WARN_SUSPICIOUS_MOVE = YES;
				CLANG_WARN_UNGUARDED_AVAILABILITY = YES_AGGRESSIVE;
				CLANG_WARN_UNREACHABLE_CODE = YES;
				CLANG_WARN__DUPLICATE_METHOD_MATCH = YES;
				COPY_PHASE_STRIP = NO;
				DEBUG_INFORMATION_FORMAT = "dwarf-with-dsym";
				DEVELOPMENT_TEAM = 5ST56DL6N3;
				ENABLE_NS_ASSERTIONS = NO;
				ENABLE_STRICT_OBJC_MSGSEND = YES;
				ENABLE_USER_SCRIPT_SANDBOXING = YES;
				GCC_C_LANGUAGE_STANDARD = gnu17;
				GCC_NO_COMMON_BLOCKS = YES;
				GCC_WARN_64_TO_32_BIT_CONVERSION = YES;
				GCC_WARN_ABOUT_RETURN_TYPE = YES_ERROR;
				GCC_WARN_UNDECLARED_SELECTOR = YES;
				GCC_WARN_UNINITIALIZED_AUTOS = YES_AGGRESSIVE;
				GCC_WARN_UNUSED_FUNCTION = YES;
				GCC_WARN_UNUSED_VARIABLE = YES;
				IPHONEOS_DEPLOYMENT_TARGET = 26.4;
				LOCALIZATION_PREFERS_STRING_CATALOGS = YES;
				MTL_ENABLE_DEBUG_INFO = NO;
				MTL_FAST_MATH = YES;
				SDKROOT = iphoneos;
				SWIFT_COMPILATION_MODE = wholemodule;
				VALIDATE_PRODUCT = YES;
			};
			name = Release;
		};
		D024D61F305C1AC200214290 /* Debug */ = {
			isa = XCBuildConfiguration;
			buildSettings = {
				ASSETCATALOG_COMPILER_APPICON_NAME = AppIcon;
				ASSETCATALOG_COMPILER_GLOBAL_ACCENT_COLOR_NAME = AccentColor;
				CODE_SIGN_STYLE = Automatic;
				CURRENT_PROJECT_VERSION = 1;
				DEVELOPMENT_TEAM = 5ST56DL6N3;
				ENABLE_PREVIEWS = YES;
				GENERATE_INFOPLIST_FILE = YES;
				INFOPLIST_KEY_UIApplicationSceneManifest_Generation = YES;
				INFOPLIST_KEY_UIApplicationSupportsIndirectInputEvents = YES;
				INFOPLIST_KEY_UILaunchScreen_Generation = YES;
				INFOPLIST_KEY_UISupportedInterfaceOrientations_iPad = "UIInterfaceOrientationPortrait UIInterfaceOrientationPortraitUpsideDown UIInterfaceOrientationLandscapeLeft UIInterfaceOrientationLandscapeRight";
				INFOPLIST_KEY_UISupportedInterfaceOrientations_iPhone = "UIInterfaceOrientationPortrait UIInterfaceOrientationLandscapeLeft UIInterfaceOrientationLandscapeRight";
				LD_RUNPATH_SEARCH_PATHS = (
					"$(inherited)",
					"@executable_path/Frameworks",
				);
				MARKETING_VERSION = 1.0;
				PRODUCT_BUNDLE_IDENTIFIER = "-111s.lista-zadan-to-do";
				PRODUCT_NAME = "$(TARGET_NAME)";
				STRING_CATALOG_GENERATE_SYMBOLS = YES;
				SWIFT_APPROACHABLE_CONCURRENCY = YES;
				SWIFT_DEFAULT_ACTOR_ISOLATION = MainActor;
				SWIFT_EMIT_LOC_STRINGS = YES;
				SWIFT_UPCOMING_FEATURE_MEMBER_IMPORT_VISIBILITY = YES;
				SWIFT_VERSION = 5.0;
				TARGETED_DEVICE_FAMILY = "1,2";
			};
			name = Debug;
		};
		D024D620305C1AC200214290 /* Release */ = {
			isa = XCBuildConfiguration;
			buildSettings = {
				ASSETCATALOG_COMPILER_APPICON_NAME = AppIcon;
				ASSETCATALOG_COMPILER_GLOBAL_ACCENT_COLOR_NAME = AccentColor;
				CODE_SIGN_STYLE = Automatic;
				CURRENT_PROJECT_VERSION = 1;
				DEVELOPMENT_TEAM = 5ST56DL6N3;
				ENABLE_PREVIEWS = YES;
				GENERATE_INFOPLIST_FILE = YES;
				INFOPLIST_KEY_UIApplicationSceneManifest_Generation = YES;
				INFOPLIST_KEY_UIApplicationSupportsIndirectInputEvents = YES;
				INFOPLIST_KEY_UILaunchScreen_Generation = YES;
				INFOPLIST_KEY_UISupportedInterfaceOrientations_iPad = "UIInterfaceOrientationPortrait UIInterfaceOrientationPortraitUpsideDown UIInterfaceOrientationLandscapeLeft UIInterfaceOrientationLandscapeRight";
				INFOPLIST_KEY_UISupportedInterfaceOrientations_iPhone = "UIInterfaceOrientationPortrait UIInterfaceOrientationLandscapeLeft UIInterfaceOrientationLandscapeRight";
				LD_RUNPATH_SEARCH_PATHS = (
					"$(inherited)",
					"@executable_path/Frameworks",
				);
				MARKETING_VERSION = 1.0;
				PRODUCT_BUNDLE_IDENTIFIER = "-111s.lista-zadan-to-do";
				PRODUCT_NAME = "$(TARGET_NAME)";
				STRING_CATALOG_GENERATE_SYMBOLS = YES;
				SWIFT_APPROACHABLE_CONCURRENCY = YES;
				SWIFT_DEFAULT_ACTOR_ISOLATION = MainActor;
				SWIFT_EMIT_LOC_STRINGS = YES;
				SWIFT_UPCOMING_FEATURE_MEMBER_IMPORT_VISIBILITY = YES;
				SWIFT_VERSION = 5.0;
				TARGETED_DEVICE_FAMILY = "1,2";
			};
			name = Release;
		};
		D024D622305C1AC200214290 /* Debug */ = {
			isa = XCBuildConfiguration;
			buildSettings = {
				BUNDLE_LOADER = "$(TEST_HOST)";
				CODE_SIGN_STYLE = Automatic;
				CURRENT_PROJECT_VERSION = 1;
				DEVELOPMENT_TEAM = 5ST56DL6N3;
				GENERATE_INFOPLIST_FILE = YES;
				IPHONEOS_DEPLOYMENT_TARGET = 26.4;
				MARKETING_VERSION = 1.0;
				PRODUCT_BUNDLE_IDENTIFIER = "-111s.lista-zadan-to-doTests";
				PRODUCT_NAME = "$(TARGET_NAME)";
				STRING_CATALOG_GENERATE_SYMBOLS = NO;
				SWIFT_APPROACHABLE_CONCURRENCY = YES;
				SWIFT_EMIT_LOC_STRINGS = NO;
				SWIFT_UPCOMING_FEATURE_MEMBER_IMPORT_VISIBILITY = YES;
				SWIFT_VERSION = 5.0;
				TARGETED_DEVICE_FAMILY = "1,2";
				TEST_HOST = "$(BUILT_PRODUCTS_DIR)/lista zadan to do.app/$(BUNDLE_EXECUTABLE_FOLDER_PATH)/lista zadan to do";
			};
			name = Debug;
		};
		D024D623305C1AC200214290 /* Release */ = {
			isa = XCBuildConfiguration;
			buildSettings = {
				BUNDLE_LOADER = "$(TEST_HOST)";
				CODE_SIGN_STYLE = Automatic;
				CURRENT_PROJECT_VERSION = 1;
				DEVELOPMENT_TEAM = 5ST56DL6N3;
				GENERATE_INFOPLIST_FILE = YES;
				IPHONEOS_DEPLOYMENT_TARGET = 26.4;
				MARKETING_VERSION = 1.0;
				PRODUCT_BUNDLE_IDENTIFIER = "-111s.lista-zadan-to-doTests";
				PRODUCT_NAME = "$(TARGET_NAME)";
				STRING_CATALOG_GENERATE_SYMBOLS = NO;
				SWIFT_APPROACHABLE_CONCURRENCY = YES;
				SWIFT_EMIT_LOC_STRINGS = NO;
				SWIFT_UPCOMING_FEATURE_MEMBER_IMPORT_VISIBILITY = YES;
				SWIFT_VERSION = 5.0;
				TARGETED_DEVICE_FAMILY = "1,2";
				TEST_HOST = "$(BUILT_PRODUCTS_DIR)/lista zadan to do.app/$(BUNDLE_EXECUTABLE_FOLDER_PATH)/lista zadan to do";
			};
			name = Release;
		};
		D024D625305C1AC200214290 /* Debug */ = {
			isa = XCBuildConfiguration;
			buildSettings = {
				CODE_SIGN_STYLE = Automatic;
				CURRENT_PROJECT_VERSION = 1;
				DEVELOPMENT_TEAM = 5ST56DL6N3;
				GENERATE_INFOPLIST_FILE = YES;
				MARKETING_VERSION = 1.0;
				PRODUCT_BUNDLE_IDENTIFIER = "-111s.lista-zadan-to-doUITests";
				PRODUCT_NAME = "$(TARGET_NAME)";
				STRING_CATALOG_GENERATE_SYMBOLS = NO;
				SWIFT_APPROACHABLE_CONCURRENCY = YES;
				SWIFT_EMIT_LOC_STRINGS = NO;
				SWIFT_UPCOMING_FEATURE_MEMBER_IMPORT_VISIBILITY = YES;
				SWIFT_VERSION = 5.0;
				TARGETED_DEVICE_FAMILY = "1,2";
				TEST_TARGET_NAME = "lista zadan to do";
			};
			name = Debug;
		};
		D024D626305C1AC200214290 /* Release */ = {
			isa = XCBuildConfiguration;
			buildSettings = {
				CODE_SIGN_STYLE = Automatic;
				CURRENT_PROJECT_VERSION = 1;
				DEVELOPMENT_TEAM = 5ST56DL6N3;
				GENERATE_INFOPLIST_FILE = YES;
				MARKETING_VERSION = 1.0;
				PRODUCT_BUNDLE_IDENTIFIER = "-111s.lista-zadan-to-doUITests";
				PRODUCT_NAME = "$(TARGET_NAME)";
				STRING_CATALOG_GENERATE_SYMBOLS = NO;
				SWIFT_APPROACHABLE_CONCURRENCY = YES;
				SWIFT_EMIT_LOC_STRINGS = NO;
				SWIFT_UPCOMING_FEATURE_MEMBER_IMPORT_VISIBILITY = YES;
				SWIFT_VERSION = 5.0;
				TARGETED_DEVICE_FAMILY = "1,2";
				TEST_TARGET_NAME = "lista zadan to do";
			};
			name = Release;
		};
/* End XCBuildConfiguration section */

/* Begin XCConfigurationList section */
		D024D5F8305C1AC000214290 /* Build configuration list for PBXProject "lista zadan to do" */ = {
			isa = XCConfigurationList;
			buildConfigurations = (
				D024D61C305C1AC200214290 /* Debug */,
				D024D61D305C1AC200214290 /* Release */,
			);
			defaultConfigurationIsVisible = 0;
			defaultConfigurationName = Release;
		};
		D024D61E305C1AC200214290 /* Build configuration list for PBXNativeTarget "lista zadan to do" */ = {
			isa = XCConfigurationList;
			buildConfigurations = (
				D024D61F305C1AC200214290 /* Debug */,
				D024D620305C1AC200214290 /* Release */,
			);
			defaultConfigurationIsVisible = 0;
			defaultConfigurationName = Release;
		};
		D024D621305C1AC200214290 /* Build configuration list for PBXNativeTarget "lista zadan to doTests" */ = {
			isa = XCConfigurationList;
			buildConfigurations = (
				D024D622305C1AC200214290 /* Debug */,
				D024D623305C1AC200214290 /* Release */,
			);
			defaultConfigurationIsVisible = 0;
			defaultConfigurationName = Release;
		};
		D024D624305C1AC200214290 /* Build configuration list for PBXNativeTarget "lista zadan to doUITests" */ = {
			isa = XCConfigurationList;
			buildConfigurations = (
				D024D625305C1AC200214290 /* Debug */,
				D024D626305C1AC200214290 /* Release */,
			);
			defaultConfigurationIsVisible = 0;
			defaultConfigurationName = Release;
		};
/* End XCConfigurationList section */

/* Begin XCRemoteSwiftPackageReference section */
		D04584AD30655AAA00BDC1B9 /* XCRemoteSwiftPackageReference "firebase-ios-sdk" */ = {
			isa = XCRemoteSwiftPackageReference;
			repositoryURL = "https://github.com/firebase/firebase-ios-sdk";
			requirement = {
				kind = upToNextMajorVersion;
				minimumVersion = 12.19.2;
			};
		};
/* End XCRemoteSwiftPackageReference section */

/* Begin XCSwiftPackageProductDependency section */
		D04584AE30655AAA00BDC1B9 /* FirebaseAuth */ = {
			isa = XCSwiftPackageProductDependency;
			package = D04584AD30655AAA00BDC1B9 /* XCRemoteSwiftPackageReference "firebase-ios-sdk" */;
			productName = FirebaseAuth;
		};
		D04584B030655AAA00BDC1B9 /* FirebaseFirestore */ = {
			isa = XCSwiftPackageProductDependency;
			package = D04584AD30655AAA00BDC1B9 /* XCRemoteSwiftPackageReference "firebase-ios-sdk" */;
			productName = FirebaseFirestore;
		};
/* End XCSwiftPackageProductDependency section */
	};
	rootObject = D024D5F5305C1AC000214290 /* Project object */;
}
